
Microsoft Visual Studio Solution File, Format Version 12.00
# Visual Studio Version 16
VisualStudioVersion = 16.0.29609.76
MinimumVisualStudioVersion = 10.0.40219.1
Project("{9A19103F-16F7-4668-BE54-9A1E7A4F7556}") = "multitenancy-db", "multitenancy-db\multitenancy-db.csproj", "{259128A9-41F9-48DD-A2C9-31D52F626043}"
EndProject
Project("{FAE04EC0-301F-11D3-BF4B-00C04F79EFBC}") = "DbBasedStrategy", "DbBasedStrategy\DbBasedStrategy.csproj", "{A9C6EA75-1204-42DF-82CA-F92AD62F40D0}"
EndProject
Project("{FAE04EC0-301F-11D3-BF4B-00C04F79EFBC}") = "TableBasedStrategy", "TableBasedStrategy\TableBasedStrategy.csproj", "{7314FDC6-073C-49DD-BF68-B96A14287892}"
EndProject
Project("{FAE04EC0-301F-11D3-BF4B-00C04F79EFBC}") = "SchemaBasedStrategy", "SchemaBasedStrategy\SchemaBasedStrategy.csproj", "{B2325DA9-BFE3-4823-B497-3A29E29411EF}"
EndProject
Project("{FAE04EC0-301F-11D3-BF4B-00C04F79EFBC}") = "Models", "Models\Models.csproj", "{6A29AC7E-5F5F-454A-A8BB-072DA415C9EA}"
EndProject
Global
	GlobalSection(SolutionConfigurationPlatforms) = preSolution
		Debug|Any CPU = Debug|Any CPU
		Release|Any CPU = Release|Any CPU
	EndGlobalSection
	GlobalSection(ProjectConfigurationPlatforms) = postSolution
		{259128A9-41F9-48DD-A2C9-31D52F626043}.Debug|Any CPU.ActiveCfg = Debug|Any CPU
		{259128A9-41F9-48DD-A2C9-31D52F626043}.Debug|Any CPU.Build.0 = Debug|Any CPU
		{259128A9-41F9-48DD-A2C9-31D52F626043}.Release|Any CPU.ActiveCfg = Release|Any CPU
		{259128A9-41F9-48DD-A2C9-31D52F626043}.Release|Any CPU.Build.0 = Release|Any CPU
		{A9C6EA75-1204-42DF-82CA-F92AD62F40D0}.Debug|Any CPU.ActiveCfg = Debug|Any CPU
		{A9C6EA75-1204-42DF-82CA-F92AD62F40D0}.Debug|Any CPU.Build.0 = Debug|Any CPU
		{A9C6EA75-1204-42DF-82CA-F92AD62F40D0}.Release|Any CPU.ActiveCfg = Release|Any CPU
		{A9C6EA75-1204-42DF-82CA-F92AD62F40D0}.Release|Any CPU.Build.0 = Release|Any CPU
		{7314FDC6-073C-49DD-BF68-B96A14287892}.Debug|Any CPU.ActiveCfg = Debug|Any CPU
		{7314FDC6-073C-49DD-BF68-B96A14287892}.Debug|Any CPU.Build.0 = Debug|Any CPU
		{7314FDC6-073C-49DD-BF68-B96A14287892}.Release|Any CPU.ActiveCfg = Release|Any CPU
		{7314FDC6-073C-49DD-BF68-B96A14287892}.Release|Any CPU.Build.0 = Release|Any CPU
		{B2325DA9-BFE3-4823-B497-3A29E29411EF}.Debug|Any CPU.ActiveCfg = Debug|Any CPU
		{B2325DA9-BFE3-4823-B497-3A29E29411EF}.Debug|Any CPU.Build.0 = Debug|Any CPU
		{B2325DA9-BFE3-4823-B497-3A29E29411EF}.Release|Any CPU.ActiveCfg = Release|Any CPU
		{B2325DA9-BFE3-4823-B497-3A29E29411EF}.Release|Any CPU.Build.0 = Release|Any CPU
		{6A29AC7E-5F5F-454A-A8BB-072DA415C9EA}.Debug|Any CPU.ActiveCfg = Debug|Any CPU
		{6A29AC7E-5F5F-454A-A8BB-072DA415C9EA}.Debug|Any CPU.Build.0 = Debug|Any CPU
		{6A29AC7E-5F5F-454A-A8BB-072DA415C9EA}.Release|Any CPU.ActiveCfg = Release|Any CPU
		{6A29AC7E-5F5F-454A-A8BB-072DA415C9EA}.Release|Any CPU.Build.0 = Release|Any CPU
	EndGlobalSection
	GlobalSection(SolutionProperties) = preSolution
		HideSolutionNode = FALSE
	EndGlobalSection
	GlobalSection(ExtensibilityGlobals) = postSolution
		SolutionGuid = {DCC10657-E601-497D-B5AC-49AB74FEF348}
	EndGlobalSection
EndGlobal
